
Microsoft Visual Studio Solution File, Format Version 12.00
# Visual Studio 15
VisualStudioVersion = 15.0.27428.2005
MinimumVisualStudioVersion = 10.0.40219.1
Project("{9A19103F-16F7-4668-BE54-9A1E7A4F7556}") = "Demo", "Demo\Demo.csproj", "{A4430E2A-C507-4B50-B9B6-A95CF5374722}"
EndProject
Project("{9A19103F-16F7-4668-BE54-9A1E7A4F7556}") = "DiagonalDifference", "DiagonalDifference\DiagonalDifference.csproj", "{9049FABA-2658-481B-8546-647F26DCCE97}"
EndProject
Project("{9A19103F-16F7-4668-BE54-9A1E7A4F7556}") = "2by2SquareInMatrix", "2by2SquareInMatrix\2by2SquareInMatrix.csproj", "{870CD2A3-4854-4989-9B25-A2F1D47CC3D2}"
EndProject
Project("{9A19103F-16F7-4668-BE54-9A1E7A4F7556}") = "MaximalSum", "MaximalSum\MaximalSum.csproj", "{438E45EF-2CE8-48D1-A866-50ED3D9C2AA1}"
EndProject
Project("{9A19103F-16F7-4668-BE54-9A1E7A4F7556}") = "RubiksMartix", "RubiksMartix\RubiksMartix.csproj", "{D66463A9-7455-44B5-9549-32998E116FAC}"
EndProject
Project("{9A19103F-16F7-4668-BE54-9A1E7A4F7556}") = "TargetPractice", "TargetPractice\TargetPractice.csproj", "{AEF3C151-D5CF-4A38-A2CE-AED761DF55FA}"
EndProject
Project("{9A19103F-16F7-4668-BE54-9A1E7A4F7556}") = "LegoBlock", "LegoBlock\LegoBlock.csproj", "{E5F1BE94-7548-405C-A49B-63A0CE1FC0DC}"
EndProject
Project("{9A19103F-16F7-4668-BE54-9A1E7A4F7556}") = "MutantBunnies", "MutantBunnies\MutantBunnies.csproj", "{12821437-72E2-4455-B4D3-E747F877D994}"
EndProject
Project("{9A19103F-16F7-4668-BE54-9A1E7A4F7556}") = "Crossfire", "Crossfire\Crossfire.csproj", "{F08BE1B3-D3AD-41D5-A64D-83CF5AB5EDDD}"
EndProject
Project("{FAE04EC0-301F-11D3-BF4B-00C04F79EFBC}") = "HeiganDance", "HeiganDance\HeiganDance.csproj", "{49C05EA3-B6F9-4D39-9551-3BB936367EA7}"
EndProject
Global
	GlobalSection(SolutionConfigurationPlatforms) = preSolution
		Debug|Any CPU = Debug|Any CPU
		Release|Any CPU = Release|Any CPU
	EndGlobalSection
	GlobalSection(ProjectConfigurationPlatforms) = postSolution
		{A4430E2A-C507-4B50-B9B6-A95CF5374722}.Debug|Any CPU.ActiveCfg = Debug|Any CPU
		{A4430E2A-C507-4B50-B9B6-A95CF5374722}.Debug|Any CPU.Build.0 = Debug|Any CPU
		{A4430E2A-C507-4B50-B9B6-A95CF5374722}.Release|Any CPU.ActiveCfg = Release|Any CPU
		{A4430E2A-C507-4B50-B9B6-A95CF5374722}.Release|Any CPU.Build.0 = Release|Any CPU
		{9049FABA-2658-481B-8546-647F26DCCE97}.Debug|Any CPU.ActiveCfg = Debug|Any CPU
		{9049FABA-2658-481B-8546-647F26DCCE97}.Debug|Any CPU.Build.0 = Debug|Any CPU
		{9049FABA-2658-481B-8546-647F26DCCE97}.Release|Any CPU.ActiveCfg = Release|Any CPU
		{9049FABA-2658-481B-8546-647F26DCCE97}.Release|Any CPU.Build.0 = Release|Any CPU
		{870CD2A3-4854-4989-9B25-A2F1D47CC3D2}.Debug|Any CPU.ActiveCfg = Debug|Any CPU
		{870CD2A3-4854-4989-9B25-A2F1D47CC3D2}.Debug|Any CPU.Build.0 = Debug|Any CPU
		{870CD2A3-4854-4989-9B25-A2F1D47CC3D2}.Release|Any CPU.ActiveCfg = Release|Any CPU
		{870CD2A3-4854-4989-9B25-A2F1D47CC3D2}.Release|Any CPU.Build.0 = Release|Any CPU
		{438E45EF-2CE8-48D1-A866-50ED3D9C2AA1}.Debug|Any CPU.ActiveCfg = Debug|Any CPU
		{438E45EF-2CE8-48D1-A866-50ED3D9C2AA1}.Debug|Any CPU.Build.0 = Debug|Any CPU
		{438E45EF-2CE8-48D1-A866-50ED3D9C2AA1}.Release|Any CPU.ActiveCfg = Release|Any CPU
		{438E45EF-2CE8-48D1-A866-50ED3D9C2AA1}.Release|Any CPU.Build.0 = Release|Any CPU
		{D66463A9-7455-44B5-9549-32998E116FAC}.Debug|Any CPU.ActiveCfg = Debug|Any CPU
		{D66463A9-7455-44B5-9549-32998E116FAC}.Debug|Any CPU.Build.0 = Debug|Any CPU
		{D66463A9-7455-44B5-9549-32998E116FAC}.Release|Any CPU.ActiveCfg = Release|Any CPU
		{D66463A9-7455-44B5-9549-32998E116FAC}.Release|Any CPU.Build.0 = Release|Any CPU
		{AEF3C151-D5CF-4A38-A2CE-AED761DF55FA}.Debug|Any CPU.ActiveCfg = Debug|Any CPU
		{AEF3C151-D5CF-4A38-A2CE-AED761DF55FA}.Debug|Any CPU.Build.0 = Debug|Any CPU
		{AEF3C151-D5CF-4A38-A2CE-AED761DF55FA}.Release|Any CPU.ActiveCfg = Release|Any CPU
		{AEF3C151-D5CF-4A38-A2CE-AED761DF55FA}.Release|Any CPU.Build.0 = Release|Any CPU
		{E5F1BE94-7548-405C-A49B-63A0CE1FC0DC}.Debug|Any CPU.ActiveCfg = Debug|Any CPU
		{E5F1BE94-7548-405C-A49B-63A0CE1FC0DC}.Debug|Any CPU.Build.0 = Debug|Any CPU
		{E5F1BE94-7548-405C-A49B-63A0CE1FC0DC}.Release|Any CPU.ActiveCfg = Release|Any CPU
		{E5F1BE94-7548-405C-A49B-63A0CE1FC0DC}.Release|Any CPU.Build.0 = Release|Any CPU
		{12821437-72E2-4455-B4D3-E747F877D994}.Debug|Any CPU.ActiveCfg = Debug|Any CPU
		{12821437-72E2-4455-B4D3-E747F877D994}.Debug|Any CPU.Build.0 = Debug|Any CPU
		{12821437-72E2-4455-B4D3-E747F877D994}.Release|Any CPU.ActiveCfg = Release|Any CPU
		{12821437-72E2-4455-B4D3-E747F877D994}.Release|Any CPU.Build.0 = Release|Any CPU
		{F08BE1B3-D3AD-41D5-A64D-83CF5AB5EDDD}.Debug|Any CPU.ActiveCfg = Debug|Any CPU
		{F08BE1B3-D3AD-41D5-A64D-83CF5AB5EDDD}.Debug|Any CPU.Build.0 = Debug|Any CPU
		{F08BE1B3-D3AD-41D5-A64D-83CF5AB5EDDD}.Release|Any CPU.ActiveCfg = Release|Any CPU
		{F08BE1B3-D3AD-41D5-A64D-83CF5AB5EDDD}.Release|Any CPU.Build.0 = Release|Any CPU
		{49C05EA3-B6F9-4D39-9551-3BB936367EA7}.Debug|Any CPU.ActiveCfg = Debug|Any CPU
		{49C05EA3-B6F9-4D39-9551-3BB936367EA7}.Debug|Any CPU.Build.0 = Debug|Any CPU
		{49C05EA3-B6F9-4D39-9551-3BB936367EA7}.Release|Any CPU.ActiveCfg = Release|Any CPU
		{49C05EA3-B6F9-4D39-9551-3BB936367EA7}.Release|Any CPU.Build.0 = Release|Any CPU
	EndGlobalSection
	GlobalSection(SolutionProperties) = preSolution
		HideSolutionNode = FALSE
	EndGlobalSection
	GlobalSection(ExtensibilityGlobals) = postSolution
		SolutionGuid = {058BA2F4-FF3D-44C4-A8DF-8A592E2B873B}
	EndGlobalSection
EndGlobal
