
Microsoft Visual Studio Solution File, Format Version 12.00
# Visual Studio 15
VisualStudioVersion = 15.0.27428.2037
MinimumVisualStudioVersion = 10.0.40219.1
Project("{FAE04EC0-301F-11D3-BF4B-00C04F79EFBC}") = "P01_Person", "P01_Person\P01_Person.csproj", "{1AC9F577-8473-468A-9913-5CB2C8764BA9}"
EndProject
Project("{FAE04EC0-301F-11D3-BF4B-00C04F79EFBC}") = "P03_Ferrari", "P03_Ferrari\P03_Ferrari.csproj", "{5665F728-02EA-424B-935C-231BCEBA85F8}"
EndProject
Project("{FAE04EC0-301F-11D3-BF4B-00C04F79EFBC}") = "P04_Telephony", "P04_Telephony\P04_Telephony.csproj", "{6F78AFD4-1B2E-494B-B976-5A5310CCB250}"
EndProject
Project("{FAE04EC0-301F-11D3-BF4B-00C04F79EFBC}") = "P05_BorderControl", "P05_BorderControl\P05_BorderControl.csproj", "{BAFB0313-7A53-44AE-B0F0-FAE59A95AB97}"
EndProject
Project("{FAE04EC0-301F-11D3-BF4B-00C04F79EFBC}") = "P08_MilitaryElite", "P08_MilitaryElite\P08_MilitaryElite.csproj", "{597EFA18-7061-4D06-BB97-208854251382}"
EndProject
Global
	GlobalSection(SolutionConfigurationPlatforms) = preSolution
		Debug|Any CPU = Debug|Any CPU
		Release|Any CPU = Release|Any CPU
	EndGlobalSection
	GlobalSection(ProjectConfigurationPlatforms) = postSolution
		{1AC9F577-8473-468A-9913-5CB2C8764BA9}.Debug|Any CPU.ActiveCfg = Debug|Any CPU
		{1AC9F577-8473-468A-9913-5CB2C8764BA9}.Debug|Any CPU.Build.0 = Debug|Any CPU
		{1AC9F577-8473-468A-9913-5CB2C8764BA9}.Release|Any CPU.ActiveCfg = Release|Any CPU
		{1AC9F577-8473-468A-9913-5CB2C8764BA9}.Release|Any CPU.Build.0 = Release|Any CPU
		{5665F728-02EA-424B-935C-231BCEBA85F8}.Debug|Any CPU.ActiveCfg = Debug|Any CPU
		{5665F728-02EA-424B-935C-231BCEBA85F8}.Debug|Any CPU.Build.0 = Debug|Any CPU
		{5665F728-02EA-424B-935C-231BCEBA85F8}.Release|Any CPU.ActiveCfg = Release|Any CPU
		{5665F728-02EA-424B-935C-231BCEBA85F8}.Release|Any CPU.Build.0 = Release|Any CPU
		{6F78AFD4-1B2E-494B-B976-5A5310CCB250}.Debug|Any CPU.ActiveCfg = Debug|Any CPU
		{6F78AFD4-1B2E-494B-B976-5A5310CCB250}.Debug|Any CPU.Build.0 = Debug|Any CPU
		{6F78AFD4-1B2E-494B-B976-5A5310CCB250}.Release|Any CPU.ActiveCfg = Release|Any CPU
		{6F78AFD4-1B2E-494B-B976-5A5310CCB250}.Release|Any CPU.Build.0 = Release|Any CPU
		{BAFB0313-7A53-44AE-B0F0-FAE59A95AB97}.Debug|Any CPU.ActiveCfg = Debug|Any CPU
		{BAFB0313-7A53-44AE-B0F0-FAE59A95AB97}.Debug|Any CPU.Build.0 = Debug|Any CPU
		{BAFB0313-7A53-44AE-B0F0-FAE59A95AB97}.Release|Any CPU.ActiveCfg = Release|Any CPU
		{BAFB0313-7A53-44AE-B0F0-FAE59A95AB97}.Release|Any CPU.Build.0 = Release|Any CPU
		{597EFA18-7061-4D06-BB97-208854251382}.Debug|Any CPU.ActiveCfg = Debug|Any CPU
		{597EFA18-7061-4D06-BB97-208854251382}.Debug|Any CPU.Build.0 = Debug|Any CPU
		{597EFA18-7061-4D06-BB97-208854251382}.Release|Any CPU.ActiveCfg = Release|Any CPU
		{597EFA18-7061-4D06-BB97-208854251382}.Release|Any CPU.Build.0 = Release|Any CPU
	EndGlobalSection
	GlobalSection(SolutionProperties) = preSolution
		HideSolutionNode = FALSE
	EndGlobalSection
	GlobalSection(ExtensibilityGlobals) = postSolution
		SolutionGuid = {F7AA4C4F-E59C-40D8-A45F-AD2C1DEA74E8}
	EndGlobalSection
EndGlobal
