
Microsoft Visual Studio Solution File, Format Version 12.00
# Visual Studio 15
VisualStudioVersion = 15.0.27428.2037
MinimumVisualStudioVersion = 10.0.40219.1
Project("{FAE04EC0-301F-11D3-BF4B-00C04F79EFBC}") = "P01_Person", "P01_Person\P01_Person.csproj", "{1DD1F939-E0BD-4F4A-B06C-432DBC6C8349}"
EndProject
Project("{FAE04EC0-301F-11D3-BF4B-00C04F79EFBC}") = "P02_BookShop", "P02_BookShop\P02_BookShop.csproj", "{66FD2235-244A-49C7-8343-2F99AAC36FDD}"
EndProject
Global
	GlobalSection(SolutionConfigurationPlatforms) = preSolution
		Debug|Any CPU = Debug|Any CPU
		Release|Any CPU = Release|Any CPU
	EndGlobalSection
	GlobalSection(ProjectConfigurationPlatforms) = postSolution
		{1DD1F939-E0BD-4F4A-B06C-432DBC6C8349}.Debug|Any CPU.ActiveCfg = Debug|Any CPU
		{1DD1F939-E0BD-4F4A-B06C-432DBC6C8349}.Debug|Any CPU.Build.0 = Debug|Any CPU
		{1DD1F939-E0BD-4F4A-B06C-432DBC6C8349}.Release|Any CPU.ActiveCfg = Release|Any CPU
		{1DD1F939-E0BD-4F4A-B06C-432DBC6C8349}.Release|Any CPU.Build.0 = Release|Any CPU
		{66FD2235-244A-49C7-8343-2F99AAC36FDD}.Debug|Any CPU.ActiveCfg = Debug|Any CPU
		{66FD2235-244A-49C7-8343-2F99AAC36FDD}.Debug|Any CPU.Build.0 = Debug|Any CPU
		{66FD2235-244A-49C7-8343-2F99AAC36FDD}.Release|Any CPU.ActiveCfg = Release|Any CPU
		{66FD2235-244A-49C7-8343-2F99AAC36FDD}.Release|Any CPU.Build.0 = Release|Any CPU
	EndGlobalSection
	GlobalSection(SolutionProperties) = preSolution
		HideSolutionNode = FALSE
	EndGlobalSection
	GlobalSection(ExtensibilityGlobals) = postSolution
		SolutionGuid = {C1C48E0B-3170-49D0-9A42-D19C0ECAEF9E}
	EndGlobalSection
EndGlobal
