
Microsoft Visual Studio Solution File, Format Version 12.00
# Visual Studio 15
VisualStudioVersion = 15.0.27428.2043
MinimumVisualStudioVersion = 10.0.40219.1
Project("{9A19103F-16F7-4668-BE54-9A1E7A4F7556}") = "Demo", "Demo\Demo.csproj", "{6CDA1A42-629B-4937-9995-5D9C67C0FF23}"
EndProject
Project("{9A19103F-16F7-4668-BE54-9A1E7A4F7556}") = "ArrayCreatorLab02", "ArrayCreatorLab02\ArrayCreatorLab02.csproj", "{4046AB84-33C1-4CF5-B56C-408700B7499E}"
EndProject
Project("{9A19103F-16F7-4668-BE54-9A1E7A4F7556}") = "GenereicConstarinsLab03", "GenereicConstarinsLab03\GenereicConstarinsLab03.csproj", "{D27B6AB4-3A21-4CD1-8E6B-286811F5F724}"
EndProject
Project("{9A19103F-16F7-4668-BE54-9A1E7A4F7556}") = "P01_Box", "P01_Box\P01_Box.csproj", "{0306267C-606F-4218-B747-6C761728B4D2}"
EndProject
Project("{9A19103F-16F7-4668-BE54-9A1E7A4F7556}") = "P04_P06_BoxGeneric", "P04_P06_BoxGeneric\P04_P06_BoxGeneric.csproj", "{00A8A263-0E13-489C-9348-ECAFE252F1BF}"
EndProject
Project("{9A19103F-16F7-4668-BE54-9A1E7A4F7556}") = "P07_P09_CustomList", "P07_P09_CustomList\P07_P09_CustomList.csproj", "{80E0E73B-F00C-40D7-8098-75031DBFB8BD}"
EndProject
Project("{FAE04EC0-301F-11D3-BF4B-00C04F79EFBC}") = "P10_P11_Tuple", "P10_P11_Tuple\P10_P11_Tuple.csproj", "{4B47CE22-64A8-4E1F-B256-89F57235D1E8}"
EndProject
Global
	GlobalSection(SolutionConfigurationPlatforms) = preSolution
		Debug|Any CPU = Debug|Any CPU
		Release|Any CPU = Release|Any CPU
	EndGlobalSection
	GlobalSection(ProjectConfigurationPlatforms) = postSolution
		{6CDA1A42-629B-4937-9995-5D9C67C0FF23}.Debug|Any CPU.ActiveCfg = Debug|Any CPU
		{6CDA1A42-629B-4937-9995-5D9C67C0FF23}.Debug|Any CPU.Build.0 = Debug|Any CPU
		{6CDA1A42-629B-4937-9995-5D9C67C0FF23}.Release|Any CPU.ActiveCfg = Release|Any CPU
		{6CDA1A42-629B-4937-9995-5D9C67C0FF23}.Release|Any CPU.Build.0 = Release|Any CPU
		{4046AB84-33C1-4CF5-B56C-408700B7499E}.Debug|Any CPU.ActiveCfg = Debug|Any CPU
		{4046AB84-33C1-4CF5-B56C-408700B7499E}.Debug|Any CPU.Build.0 = Debug|Any CPU
		{4046AB84-33C1-4CF5-B56C-408700B7499E}.Release|Any CPU.ActiveCfg = Release|Any CPU
		{4046AB84-33C1-4CF5-B56C-408700B7499E}.Release|Any CPU.Build.0 = Release|Any CPU
		{D27B6AB4-3A21-4CD1-8E6B-286811F5F724}.Debug|Any CPU.ActiveCfg = Debug|Any CPU
		{D27B6AB4-3A21-4CD1-8E6B-286811F5F724}.Debug|Any CPU.Build.0 = Debug|Any CPU
		{D27B6AB4-3A21-4CD1-8E6B-286811F5F724}.Release|Any CPU.ActiveCfg = Release|Any CPU
		{D27B6AB4-3A21-4CD1-8E6B-286811F5F724}.Release|Any CPU.Build.0 = Release|Any CPU
		{0306267C-606F-4218-B747-6C761728B4D2}.Debug|Any CPU.ActiveCfg = Debug|Any CPU
		{0306267C-606F-4218-B747-6C761728B4D2}.Debug|Any CPU.Build.0 = Debug|Any CPU
		{0306267C-606F-4218-B747-6C761728B4D2}.Release|Any CPU.ActiveCfg = Release|Any CPU
		{0306267C-606F-4218-B747-6C761728B4D2}.Release|Any CPU.Build.0 = Release|Any CPU
		{00A8A263-0E13-489C-9348-ECAFE252F1BF}.Debug|Any CPU.ActiveCfg = Debug|Any CPU
		{00A8A263-0E13-489C-9348-ECAFE252F1BF}.Debug|Any CPU.Build.0 = Debug|Any CPU
		{00A8A263-0E13-489C-9348-ECAFE252F1BF}.Release|Any CPU.ActiveCfg = Release|Any CPU
		{00A8A263-0E13-489C-9348-ECAFE252F1BF}.Release|Any CPU.Build.0 = Release|Any CPU
		{80E0E73B-F00C-40D7-8098-75031DBFB8BD}.Debug|Any CPU.ActiveCfg = Debug|Any CPU
		{80E0E73B-F00C-40D7-8098-75031DBFB8BD}.Debug|Any CPU.Build.0 = Debug|Any CPU
		{80E0E73B-F00C-40D7-8098-75031DBFB8BD}.Release|Any CPU.ActiveCfg = Release|Any CPU
		{80E0E73B-F00C-40D7-8098-75031DBFB8BD}.Release|Any CPU.Build.0 = Release|Any CPU
		{4B47CE22-64A8-4E1F-B256-89F57235D1E8}.Debug|Any CPU.ActiveCfg = Debug|Any CPU
		{4B47CE22-64A8-4E1F-B256-89F57235D1E8}.Debug|Any CPU.Build.0 = Debug|Any CPU
		{4B47CE22-64A8-4E1F-B256-89F57235D1E8}.Release|Any CPU.ActiveCfg = Release|Any CPU
		{4B47CE22-64A8-4E1F-B256-89F57235D1E8}.Release|Any CPU.Build.0 = Release|Any CPU
	EndGlobalSection
	GlobalSection(SolutionProperties) = preSolution
		HideSolutionNode = FALSE
	EndGlobalSection
	GlobalSection(ExtensibilityGlobals) = postSolution
		SolutionGuid = {FD2FBDB8-F9B3-4CD1-B672-E24B893475C4}
	EndGlobalSection
EndGlobal
