
Microsoft Visual Studio Solution File, Format Version 12.00
# Visual Studio 15
VisualStudioVersion = 15.0.27703.2026
MinimumVisualStudioVersion = 10.0.40219.1
Project("{FAE04EC0-301F-11D3-BF4B-00C04F79EFBC}") = "News.Web", "News.Web\News.Web.csproj", "{FD10120D-62D9-4F3B-8F41-30C305F1CE1A}"
EndProject
Project("{FAE04EC0-301F-11D3-BF4B-00C04F79EFBC}") = "News.Data", "News.Data\News.Data.csproj", "{031B5829-3075-452F-9046-875920BB77AD}"
EndProject
Project("{FAE04EC0-301F-11D3-BF4B-00C04F79EFBC}") = "News.Tests", "News.Tests\News.Tests.csproj", "{95C7A57D-3B9B-4E52-B5EA-1A0CF0BAE4AA}"
EndProject
Global
	GlobalSection(SolutionConfigurationPlatforms) = preSolution
		Debug|Any CPU = Debug|Any CPU
		Release|Any CPU = Release|Any CPU
	EndGlobalSection
	GlobalSection(ProjectConfigurationPlatforms) = postSolution
		{FD10120D-62D9-4F3B-8F41-30C305F1CE1A}.Debug|Any CPU.ActiveCfg = Debug|Any CPU
		{FD10120D-62D9-4F3B-8F41-30C305F1CE1A}.Debug|Any CPU.Build.0 = Debug|Any CPU
		{FD10120D-62D9-4F3B-8F41-30C305F1CE1A}.Release|Any CPU.ActiveCfg = Release|Any CPU
		{FD10120D-62D9-4F3B-8F41-30C305F1CE1A}.Release|Any CPU.Build.0 = Release|Any CPU
		{031B5829-3075-452F-9046-875920BB77AD}.Debug|Any CPU.ActiveCfg = Debug|Any CPU
		{031B5829-3075-452F-9046-875920BB77AD}.Debug|Any CPU.Build.0 = Debug|Any CPU
		{031B5829-3075-452F-9046-875920BB77AD}.Release|Any CPU.ActiveCfg = Release|Any CPU
		{031B5829-3075-452F-9046-875920BB77AD}.Release|Any CPU.Build.0 = Release|Any CPU
		{95C7A57D-3B9B-4E52-B5EA-1A0CF0BAE4AA}.Debug|Any CPU.ActiveCfg = Debug|Any CPU
		{95C7A57D-3B9B-4E52-B5EA-1A0CF0BAE4AA}.Debug|Any CPU.Build.0 = Debug|Any CPU
		{95C7A57D-3B9B-4E52-B5EA-1A0CF0BAE4AA}.Release|Any CPU.ActiveCfg = Release|Any CPU
		{95C7A57D-3B9B-4E52-B5EA-1A0CF0BAE4AA}.Release|Any CPU.Build.0 = Release|Any CPU
	EndGlobalSection
	GlobalSection(SolutionProperties) = preSolution
		HideSolutionNode = FALSE
	EndGlobalSection
	GlobalSection(ExtensibilityGlobals) = postSolution
		SolutionGuid = {F35BC28E-96AC-4956-B477-5441E9662CA7}
	EndGlobalSection
EndGlobal
