
Microsoft Visual Studio Solution File, Format Version 12.00
# Visual Studio 15
VisualStudioVersion = 15.0.27703.2026
MinimumVisualStudioVersion = 10.0.40219.1
Project("{FAE04EC0-301F-11D3-BF4B-00C04F79EFBC}") = "ShoppingCartDemo", "ShoppingCartDemo\ShoppingCartDemo.csproj", "{ABD36CB0-C7D8-4112-A9C8-B77C6AB44D7F}"
EndProject
Global
	GlobalSection(SolutionConfigurationPlatforms) = preSolution
		Debug|Any CPU = Debug|Any CPU
		Release|Any CPU = Release|Any CPU
	EndGlobalSection
	GlobalSection(ProjectConfigurationPlatforms) = postSolution
		{ABD36CB0-C7D8-4112-A9C8-B77C6AB44D7F}.Debug|Any CPU.ActiveCfg = Debug|Any CPU
		{ABD36CB0-C7D8-4112-A9C8-B77C6AB44D7F}.Debug|Any CPU.Build.0 = Debug|Any CPU
		{ABD36CB0-C7D8-4112-A9C8-B77C6AB44D7F}.Release|Any CPU.ActiveCfg = Release|Any CPU
		{ABD36CB0-C7D8-4112-A9C8-B77C6AB44D7F}.Release|Any CPU.Build.0 = Release|Any CPU
	EndGlobalSection
	GlobalSection(SolutionProperties) = preSolution
		HideSolutionNode = FALSE
	EndGlobalSection
	GlobalSection(ExtensibilityGlobals) = postSolution
		SolutionGuid = {30AAF9E1-DADF-48C1-91F6-92B6789398D7}
	EndGlobalSection
EndGlobal
