
Microsoft Visual Studio Solution File, Format Version 12.00
# Visual Studio 15
VisualStudioVersion = 15.0.27130.2026
MinimumVisualStudioVersion = 10.0.40219.1
Project("{FAE04EC0-301F-11D3-BF4B-00C04F79EFBC}") = "Utilities", "Utilities\Utilities.csproj", "{224B331B-D7A7-4E83-86F5-4ADD5C03BC29}"
EndProject
Project("{9A19103F-16F7-4668-BE54-9A1E7A4F7556}") = "TestForJoro", "TestForJoro\TestForJoro.csproj", "{2C9F5185-F8E6-4091-94E5-5684A95EAB8A}"
EndProject
Project("{FAE04EC0-301F-11D3-BF4B-00C04F79EFBC}") = "DemoUnitTesting", "DemoUnitTesting\DemoUnitTesting.csproj", "{9F731049-4170-4C11-B6A9-976FB241174C}"
EndProject
Project("{FAE04EC0-301F-11D3-BF4B-00C04F79EFBC}") = "UnitTest.Lect2", "UnitTest.Lect2\UnitTest.Lect2.csproj", "{07498D2D-E1E9-4EC9-8BB8-93625827DBED}"
EndProject
Project("{FAE04EC0-301F-11D3-BF4B-00C04F79EFBC}") = "Utility.Test.NUnit", "Utility.Test.NUnit\Utility.Test.NUnit.csproj", "{7A720EE7-FD1D-4BB5-8F8D-110FE89AF683}"
EndProject
Global
	GlobalSection(SolutionConfigurationPlatforms) = preSolution
		Debug|Any CPU = Debug|Any CPU
		Release|Any CPU = Release|Any CPU
	EndGlobalSection
	GlobalSection(ProjectConfigurationPlatforms) = postSolution
		{224B331B-D7A7-4E83-86F5-4ADD5C03BC29}.Debug|Any CPU.ActiveCfg = Debug|Any CPU
		{224B331B-D7A7-4E83-86F5-4ADD5C03BC29}.Debug|Any CPU.Build.0 = Debug|Any CPU
		{224B331B-D7A7-4E83-86F5-4ADD5C03BC29}.Release|Any CPU.ActiveCfg = Release|Any CPU
		{224B331B-D7A7-4E83-86F5-4ADD5C03BC29}.Release|Any CPU.Build.0 = Release|Any CPU
		{2C9F5185-F8E6-4091-94E5-5684A95EAB8A}.Debug|Any CPU.ActiveCfg = Debug|Any CPU
		{2C9F5185-F8E6-4091-94E5-5684A95EAB8A}.Debug|Any CPU.Build.0 = Debug|Any CPU
		{2C9F5185-F8E6-4091-94E5-5684A95EAB8A}.Release|Any CPU.ActiveCfg = Release|Any CPU
		{2C9F5185-F8E6-4091-94E5-5684A95EAB8A}.Release|Any CPU.Build.0 = Release|Any CPU
		{9F731049-4170-4C11-B6A9-976FB241174C}.Debug|Any CPU.ActiveCfg = Debug|Any CPU
		{9F731049-4170-4C11-B6A9-976FB241174C}.Debug|Any CPU.Build.0 = Debug|Any CPU
		{9F731049-4170-4C11-B6A9-976FB241174C}.Release|Any CPU.ActiveCfg = Release|Any CPU
		{9F731049-4170-4C11-B6A9-976FB241174C}.Release|Any CPU.Build.0 = Release|Any CPU
		{07498D2D-E1E9-4EC9-8BB8-93625827DBED}.Debug|Any CPU.ActiveCfg = Debug|Any CPU
		{07498D2D-E1E9-4EC9-8BB8-93625827DBED}.Debug|Any CPU.Build.0 = Debug|Any CPU
		{07498D2D-E1E9-4EC9-8BB8-93625827DBED}.Release|Any CPU.ActiveCfg = Release|Any CPU
		{07498D2D-E1E9-4EC9-8BB8-93625827DBED}.Release|Any CPU.Build.0 = Release|Any CPU
		{7A720EE7-FD1D-4BB5-8F8D-110FE89AF683}.Debug|Any CPU.ActiveCfg = Debug|Any CPU
		{7A720EE7-FD1D-4BB5-8F8D-110FE89AF683}.Debug|Any CPU.Build.0 = Debug|Any CPU
		{7A720EE7-FD1D-4BB5-8F8D-110FE89AF683}.Release|Any CPU.ActiveCfg = Release|Any CPU
		{7A720EE7-FD1D-4BB5-8F8D-110FE89AF683}.Release|Any CPU.Build.0 = Release|Any CPU
	EndGlobalSection
	GlobalSection(SolutionProperties) = preSolution
		HideSolutionNode = FALSE
	EndGlobalSection
	GlobalSection(ExtensibilityGlobals) = postSolution
		SolutionGuid = {EFB1F3EA-E6E6-4E0B-B096-D94C8D029605}
	EndGlobalSection
EndGlobal
