
Microsoft Visual Studio Solution File, Format Version 12.00
# Visual Studio 15
VisualStudioVersion = 15.0.27428.2037
MinimumVisualStudioVersion = 10.0.40219.1
Project("{9A19103F-16F7-4668-BE54-9A1E7A4F7556}") = "Demo", "Demo\Demo.csproj", "{EF4389B1-5A5B-4F0D-BAF5-AEA2EA834686}"
EndProject
Project("{9A19103F-16F7-4668-BE54-9A1E7A4F7556}") = "P01_CassBox", "P01_CassBox\P01_CassBox.csproj", "{DFD39E46-A04F-45B3-BFBC-CB5C069C0CA0}"
EndProject
Project("{9A19103F-16F7-4668-BE54-9A1E7A4F7556}") = "P03_AnimalFarm", "P03_AnimalFarm\P03_AnimalFarm.csproj", "{9D37F585-E622-4393-90D2-A2916DE1988E}"
EndProject
Project("{9A19103F-16F7-4668-BE54-9A1E7A4F7556}") = "P04_ShoppingSpree", "P04_ShoppingSpree\P04_ShoppingSpree.csproj", "{D735C421-3705-402D-84C6-36FA42BCB02D}"
EndProject
Project("{9A19103F-16F7-4668-BE54-9A1E7A4F7556}") = "P05_PizzaCalories", "P05_PizzaCalories\P05_PizzaCalories.csproj", "{4E0BCF6A-04F6-426F-BFA4-2BD73302571A}"
EndProject
Project("{FAE04EC0-301F-11D3-BF4B-00C04F79EFBC}") = "P06_FutballTeamGenerator", "P06_FutballTeamGenerator\P06_FutballTeamGenerator.csproj", "{BC023C50-76E0-49A1-9891-DCCE884012C7}"
EndProject
Global
	GlobalSection(SolutionConfigurationPlatforms) = preSolution
		Debug|Any CPU = Debug|Any CPU
		Release|Any CPU = Release|Any CPU
	EndGlobalSection
	GlobalSection(ProjectConfigurationPlatforms) = postSolution
		{EF4389B1-5A5B-4F0D-BAF5-AEA2EA834686}.Debug|Any CPU.ActiveCfg = Debug|Any CPU
		{EF4389B1-5A5B-4F0D-BAF5-AEA2EA834686}.Debug|Any CPU.Build.0 = Debug|Any CPU
		{EF4389B1-5A5B-4F0D-BAF5-AEA2EA834686}.Release|Any CPU.ActiveCfg = Release|Any CPU
		{EF4389B1-5A5B-4F0D-BAF5-AEA2EA834686}.Release|Any CPU.Build.0 = Release|Any CPU
		{DFD39E46-A04F-45B3-BFBC-CB5C069C0CA0}.Debug|Any CPU.ActiveCfg = Debug|Any CPU
		{DFD39E46-A04F-45B3-BFBC-CB5C069C0CA0}.Debug|Any CPU.Build.0 = Debug|Any CPU
		{DFD39E46-A04F-45B3-BFBC-CB5C069C0CA0}.Release|Any CPU.ActiveCfg = Release|Any CPU
		{DFD39E46-A04F-45B3-BFBC-CB5C069C0CA0}.Release|Any CPU.Build.0 = Release|Any CPU
		{9D37F585-E622-4393-90D2-A2916DE1988E}.Debug|Any CPU.ActiveCfg = Debug|Any CPU
		{9D37F585-E622-4393-90D2-A2916DE1988E}.Debug|Any CPU.Build.0 = Debug|Any CPU
		{9D37F585-E622-4393-90D2-A2916DE1988E}.Release|Any CPU.ActiveCfg = Release|Any CPU
		{9D37F585-E622-4393-90D2-A2916DE1988E}.Release|Any CPU.Build.0 = Release|Any CPU
		{D735C421-3705-402D-84C6-36FA42BCB02D}.Debug|Any CPU.ActiveCfg = Debug|Any CPU
		{D735C421-3705-402D-84C6-36FA42BCB02D}.Debug|Any CPU.Build.0 = Debug|Any CPU
		{D735C421-3705-402D-84C6-36FA42BCB02D}.Release|Any CPU.ActiveCfg = Release|Any CPU
		{D735C421-3705-402D-84C6-36FA42BCB02D}.Release|Any CPU.Build.0 = Release|Any CPU
		{4E0BCF6A-04F6-426F-BFA4-2BD73302571A}.Debug|Any CPU.ActiveCfg = Debug|Any CPU
		{4E0BCF6A-04F6-426F-BFA4-2BD73302571A}.Debug|Any CPU.Build.0 = Debug|Any CPU
		{4E0BCF6A-04F6-426F-BFA4-2BD73302571A}.Release|Any CPU.ActiveCfg = Release|Any CPU
		{4E0BCF6A-04F6-426F-BFA4-2BD73302571A}.Release|Any CPU.Build.0 = Release|Any CPU
		{BC023C50-76E0-49A1-9891-DCCE884012C7}.Debug|Any CPU.ActiveCfg = Debug|Any CPU
		{BC023C50-76E0-49A1-9891-DCCE884012C7}.Debug|Any CPU.Build.0 = Debug|Any CPU
		{BC023C50-76E0-49A1-9891-DCCE884012C7}.Release|Any CPU.ActiveCfg = Release|Any CPU
		{BC023C50-76E0-49A1-9891-DCCE884012C7}.Release|Any CPU.Build.0 = Release|Any CPU
	EndGlobalSection
	GlobalSection(SolutionProperties) = preSolution
		HideSolutionNode = FALSE
	EndGlobalSection
	GlobalSection(ExtensibilityGlobals) = postSolution
		SolutionGuid = {7004E0DD-8197-44F1-9CD0-A002F8934559}
	EndGlobalSection
EndGlobal
