
Microsoft Visual Studio Solution File, Format Version 12.00
# Visual Studio 15
VisualStudioVersion = 15.0.27703.2026
MinimumVisualStudioVersion = 10.0.40219.1
Project("{FAE04EC0-301F-11D3-BF4B-00C04F79EFBC}") = "BookShop.Api", "BookShop.Api\BookShop.Api.csproj", "{E2369D43-FC95-488C-B1C4-9E4140329AF9}"
EndProject
Project("{FAE04EC0-301F-11D3-BF4B-00C04F79EFBC}") = "BookShop.Data", "BookShop.Data\BookShop.Data.csproj", "{7374FBBF-AFD7-40AB-8A93-1AB5398DC95B}"
EndProject
Project("{FAE04EC0-301F-11D3-BF4B-00C04F79EFBC}") = "BookShop.Services", "BookShop.Services\BookShop.Services.csproj", "{9C8098BF-75CA-4C84-B0AA-8FF5A9D4D18B}"
EndProject
Project("{FAE04EC0-301F-11D3-BF4B-00C04F79EFBC}") = "BookShop.Common", "BookShop.Common\BookShop.Common.csproj", "{4C97768B-B7D6-444A-A343-FFA4ACD2B942}"
EndProject
Global
	GlobalSection(SolutionConfigurationPlatforms) = preSolution
		Debug|Any CPU = Debug|Any CPU
		Release|Any CPU = Release|Any CPU
	EndGlobalSection
	GlobalSection(ProjectConfigurationPlatforms) = postSolution
		{E2369D43-FC95-488C-B1C4-9E4140329AF9}.Debug|Any CPU.ActiveCfg = Debug|Any CPU
		{E2369D43-FC95-488C-B1C4-9E4140329AF9}.Debug|Any CPU.Build.0 = Debug|Any CPU
		{E2369D43-FC95-488C-B1C4-9E4140329AF9}.Release|Any CPU.ActiveCfg = Release|Any CPU
		{E2369D43-FC95-488C-B1C4-9E4140329AF9}.Release|Any CPU.Build.0 = Release|Any CPU
		{7374FBBF-AFD7-40AB-8A93-1AB5398DC95B}.Debug|Any CPU.ActiveCfg = Debug|Any CPU
		{7374FBBF-AFD7-40AB-8A93-1AB5398DC95B}.Debug|Any CPU.Build.0 = Debug|Any CPU
		{7374FBBF-AFD7-40AB-8A93-1AB5398DC95B}.Release|Any CPU.ActiveCfg = Release|Any CPU
		{7374FBBF-AFD7-40AB-8A93-1AB5398DC95B}.Release|Any CPU.Build.0 = Release|Any CPU
		{9C8098BF-75CA-4C84-B0AA-8FF5A9D4D18B}.Debug|Any CPU.ActiveCfg = Debug|Any CPU
		{9C8098BF-75CA-4C84-B0AA-8FF5A9D4D18B}.Debug|Any CPU.Build.0 = Debug|Any CPU
		{9C8098BF-75CA-4C84-B0AA-8FF5A9D4D18B}.Release|Any CPU.ActiveCfg = Release|Any CPU
		{9C8098BF-75CA-4C84-B0AA-8FF5A9D4D18B}.Release|Any CPU.Build.0 = Release|Any CPU
		{4C97768B-B7D6-444A-A343-FFA4ACD2B942}.Debug|Any CPU.ActiveCfg = Debug|Any CPU
		{4C97768B-B7D6-444A-A343-FFA4ACD2B942}.Debug|Any CPU.Build.0 = Debug|Any CPU
		{4C97768B-B7D6-444A-A343-FFA4ACD2B942}.Release|Any CPU.ActiveCfg = Release|Any CPU
		{4C97768B-B7D6-444A-A343-FFA4ACD2B942}.Release|Any CPU.Build.0 = Release|Any CPU
	EndGlobalSection
	GlobalSection(SolutionProperties) = preSolution
		HideSolutionNode = FALSE
	EndGlobalSection
	GlobalSection(ExtensibilityGlobals) = postSolution
		SolutionGuid = {41637D17-98C5-4229-8F7A-4A9E1702240B}
	EndGlobalSection
EndGlobal
