
Microsoft Visual Studio Solution File, Format Version 12.00
# Visual Studio Version 16
VisualStudioVersion = 16.0.29503.13
MinimumVisualStudioVersion = 10.0.40219.1
Project("{2150E333-8FDC-42A3-9474-1A3956D46DE8}") = "app", "app", "{C7A09524-CB40-472A-BD38-F89855437D0F}"
EndProject
Project("{2150E333-8FDC-42A3-9474-1A3956D46DE8}") = "tests", "tests", "{ED78495C-E12D-432F-9418-21AA25C46A5E}"
EndProject
Project("{9A19103F-16F7-4668-BE54-9A1E7A4F7556}") = "TaxCalculator", "TaxCalculator\TaxCalculator.csproj", "{1C7C662B-E707-471D-A4F0-179A8402EE29}"
EndProject
Project("{9A19103F-16F7-4668-BE54-9A1E7A4F7556}") = "TaxCalculator.Constants", "TaxCalculator.Constants\TaxCalculator.Constants.csproj", "{28D537C3-0525-4C3B-9E8A-F00EB298DF92}"
EndProject
Project("{9A19103F-16F7-4668-BE54-9A1E7A4F7556}") = "TaxCalculator.Services", "TaxCalculator.Services\TaxCalculator.Services.csproj", "{2859AA18-7F9D-447D-BD5D-A8D70421DF0D}"
EndProject
Project("{9A19103F-16F7-4668-BE54-9A1E7A4F7556}") = "TaxCalculator.Tests", "TaxCalculator.Tests\TaxCalculator.Tests.csproj", "{0366A45E-EBF2-4041-AEE7-D545E9020CE0}"
EndProject
Project("{9A19103F-16F7-4668-BE54-9A1E7A4F7556}") = "TaxCalculator.BusinessLogic", "TaxCalculator.BusinessLogic\TaxCalculator.BusinessLogic.csproj", "{A2808662-2815-4333-8156-F45D1654719C}"
EndProject
Project("{FAE04EC0-301F-11D3-BF4B-00C04F79EFBC}") = "SandBox", "SandBox\SandBox.csproj", "{9A6A9E7B-19F9-4831-BE94-F96ED7FD6986}"
EndProject
Global
	GlobalSection(SolutionConfigurationPlatforms) = preSolution
		Debug|Any CPU = Debug|Any CPU
		Release|Any CPU = Release|Any CPU
	EndGlobalSection
	GlobalSection(ProjectConfigurationPlatforms) = postSolution
		{1C7C662B-E707-471D-A4F0-179A8402EE29}.Debug|Any CPU.ActiveCfg = Debug|Any CPU
		{1C7C662B-E707-471D-A4F0-179A8402EE29}.Debug|Any CPU.Build.0 = Debug|Any CPU
		{1C7C662B-E707-471D-A4F0-179A8402EE29}.Release|Any CPU.ActiveCfg = Release|Any CPU
		{1C7C662B-E707-471D-A4F0-179A8402EE29}.Release|Any CPU.Build.0 = Release|Any CPU
		{28D537C3-0525-4C3B-9E8A-F00EB298DF92}.Debug|Any CPU.ActiveCfg = Debug|Any CPU
		{28D537C3-0525-4C3B-9E8A-F00EB298DF92}.Debug|Any CPU.Build.0 = Debug|Any CPU
		{28D537C3-0525-4C3B-9E8A-F00EB298DF92}.Release|Any CPU.ActiveCfg = Release|Any CPU
		{28D537C3-0525-4C3B-9E8A-F00EB298DF92}.Release|Any CPU.Build.0 = Release|Any CPU
		{2859AA18-7F9D-447D-BD5D-A8D70421DF0D}.Debug|Any CPU.ActiveCfg = Debug|Any CPU
		{2859AA18-7F9D-447D-BD5D-A8D70421DF0D}.Debug|Any CPU.Build.0 = Debug|Any CPU
		{2859AA18-7F9D-447D-BD5D-A8D70421DF0D}.Release|Any CPU.ActiveCfg = Release|Any CPU
		{2859AA18-7F9D-447D-BD5D-A8D70421DF0D}.Release|Any CPU.Build.0 = Release|Any CPU
		{0366A45E-EBF2-4041-AEE7-D545E9020CE0}.Debug|Any CPU.ActiveCfg = Debug|Any CPU
		{0366A45E-EBF2-4041-AEE7-D545E9020CE0}.Debug|Any CPU.Build.0 = Debug|Any CPU
		{0366A45E-EBF2-4041-AEE7-D545E9020CE0}.Release|Any CPU.ActiveCfg = Release|Any CPU
		{0366A45E-EBF2-4041-AEE7-D545E9020CE0}.Release|Any CPU.Build.0 = Release|Any CPU
		{A2808662-2815-4333-8156-F45D1654719C}.Debug|Any CPU.ActiveCfg = Debug|Any CPU
		{A2808662-2815-4333-8156-F45D1654719C}.Debug|Any CPU.Build.0 = Debug|Any CPU
		{A2808662-2815-4333-8156-F45D1654719C}.Release|Any CPU.ActiveCfg = Release|Any CPU
		{A2808662-2815-4333-8156-F45D1654719C}.Release|Any CPU.Build.0 = Release|Any CPU
		{9A6A9E7B-19F9-4831-BE94-F96ED7FD6986}.Debug|Any CPU.ActiveCfg = Debug|Any CPU
		{9A6A9E7B-19F9-4831-BE94-F96ED7FD6986}.Debug|Any CPU.Build.0 = Debug|Any CPU
		{9A6A9E7B-19F9-4831-BE94-F96ED7FD6986}.Release|Any CPU.ActiveCfg = Release|Any CPU
		{9A6A9E7B-19F9-4831-BE94-F96ED7FD6986}.Release|Any CPU.Build.0 = Release|Any CPU
	EndGlobalSection
	GlobalSection(SolutionProperties) = preSolution
		HideSolutionNode = FALSE
	EndGlobalSection
	GlobalSection(NestedProjects) = preSolution
		{ED78495C-E12D-432F-9418-21AA25C46A5E} = {C7A09524-CB40-472A-BD38-F89855437D0F}
		{1C7C662B-E707-471D-A4F0-179A8402EE29} = {C7A09524-CB40-472A-BD38-F89855437D0F}
		{28D537C3-0525-4C3B-9E8A-F00EB298DF92} = {C7A09524-CB40-472A-BD38-F89855437D0F}
		{2859AA18-7F9D-447D-BD5D-A8D70421DF0D} = {C7A09524-CB40-472A-BD38-F89855437D0F}
		{0366A45E-EBF2-4041-AEE7-D545E9020CE0} = {ED78495C-E12D-432F-9418-21AA25C46A5E}
		{A2808662-2815-4333-8156-F45D1654719C} = {C7A09524-CB40-472A-BD38-F89855437D0F}
	EndGlobalSection
	GlobalSection(ExtensibilityGlobals) = postSolution
		SolutionGuid = {06196637-8451-43F0-AEBE-1CC12976D690}
	EndGlobalSection
EndGlobal
