
Microsoft Visual Studio Solution File, Format Version 12.00
# Visual Studio Version 16
VisualStudioVersion = 16.0.29911.98
MinimumVisualStudioVersion = 10.0.40219.1
Project("{FAE04EC0-301F-11D3-BF4B-00C04F79EFBC}") = "Dogstagram.Server", "Dogstagram.Server\Dogstagram.Server.csproj", "{9E094C02-F90C-46D0-9074-1E80B0425181}"
EndProject
Global
	GlobalSection(SolutionConfigurationPlatforms) = preSolution
		Debug|Any CPU = Debug|Any CPU
		Release|Any CPU = Release|Any CPU
	EndGlobalSection
	GlobalSection(ProjectConfigurationPlatforms) = postSolution
		{9E094C02-F90C-46D0-9074-1E80B0425181}.Debug|Any CPU.ActiveCfg = Debug|Any CPU
		{9E094C02-F90C-46D0-9074-1E80B0425181}.Debug|Any CPU.Build.0 = Debug|Any CPU
		{9E094C02-F90C-46D0-9074-1E80B0425181}.Release|Any CPU.ActiveCfg = Release|Any CPU
		{9E094C02-F90C-46D0-9074-1E80B0425181}.Release|Any CPU.Build.0 = Release|Any CPU
	EndGlobalSection
	GlobalSection(SolutionProperties) = preSolution
		HideSolutionNode = FALSE
	EndGlobalSection
	GlobalSection(ExtensibilityGlobals) = postSolution
		SolutionGuid = {28637F0F-CFB9-44AB-8707-8B1CB32F7D03}
	EndGlobalSection
EndGlobal
