
Microsoft Visual Studio Solution File, Format Version 12.00
# Visual Studio 15
VisualStudioVersion = 15.0.27428.2027
MinimumVisualStudioVersion = 10.0.40219.1
Project("{9A19103F-16F7-4668-BE54-9A1E7A4F7556}") = "DefineClassPerson", "DefineClassPerson\DefineClassPerson.csproj", "{D47D37E8-35F0-456A-B896-251AB9CF6D08}"
EndProject
Project("{9A19103F-16F7-4668-BE54-9A1E7A4F7556}") = "DateModifier", "DateModifier\DateModifier.csproj", "{4EA21A6B-B337-428C-BDD1-7EBD04EC8EAE}"
EndProject
Project("{9A19103F-16F7-4668-BE54-9A1E7A4F7556}") = "CompanyRoster", "CompanyRoster\CompanyRoster.csproj", "{4D225375-5026-4A63-8035-A3E10B78FC41}"
EndProject
Project("{9A19103F-16F7-4668-BE54-9A1E7A4F7556}") = "SpeedRacing", "SpeedRacing\SpeedRacing.csproj", "{69945284-651D-4633-AA4A-F427F3C991F3}"
EndProject
Project("{9A19103F-16F7-4668-BE54-9A1E7A4F7556}") = "RawData", "RawData\RawData.csproj", "{A86873D9-3BE4-43E0-85EB-E2DE669D85F2}"
EndProject
Project("{9A19103F-16F7-4668-BE54-9A1E7A4F7556}") = "RectangleIntersection", "RectangleIntersection\RectangleIntersection.csproj", "{F9244663-133D-4405-8D51-2D55C5852260}"
EndProject
Project("{9A19103F-16F7-4668-BE54-9A1E7A4F7556}") = "CarSalesman", "CarSalesman\CarSalesman.csproj", "{4C802D01-D010-4E4D-836F-A809C9EEFA99}"
EndProject
Project("{9A19103F-16F7-4668-BE54-9A1E7A4F7556}") = "PokemonTrainer", "PokemonTrainer\PokemonTrainer.csproj", "{FB89C8A3-A1D6-4204-85C1-1D92C48B4EB1}"
EndProject
Project("{9A19103F-16F7-4668-BE54-9A1E7A4F7556}") = "Google", "Google\Google.csproj", "{B26A1B32-D825-4278-A012-9B014B80C260}"
EndProject
Project("{FAE04EC0-301F-11D3-BF4B-00C04F79EFBC}") = "FamilyTree", "FamilyTree\FamilyTree.csproj", "{47F0E758-0FEA-410F-AF69-BDE353AEAA90}"
EndProject
Project("{FAE04EC0-301F-11D3-BF4B-00C04F79EFBC}") = "CatLady", "CatLAady\CatLady.csproj", "{5A9A1C06-E779-4456-9C9F-CC0EC503CD01}"
EndProject
Project("{FAE04EC0-301F-11D3-BF4B-00C04F79EFBC}") = "DrawingTool", "DrawingTool\DrawingTool.csproj", "{C0BE8CC0-6C75-4FB4-AB6E-E85E50239631}"
EndProject
Global
	GlobalSection(SolutionConfigurationPlatforms) = preSolution
		Debug|Any CPU = Debug|Any CPU
		Release|Any CPU = Release|Any CPU
	EndGlobalSection
	GlobalSection(ProjectConfigurationPlatforms) = postSolution
		{D47D37E8-35F0-456A-B896-251AB9CF6D08}.Debug|Any CPU.ActiveCfg = Debug|Any CPU
		{D47D37E8-35F0-456A-B896-251AB9CF6D08}.Debug|Any CPU.Build.0 = Debug|Any CPU
		{D47D37E8-35F0-456A-B896-251AB9CF6D08}.Release|Any CPU.ActiveCfg = Release|Any CPU
		{D47D37E8-35F0-456A-B896-251AB9CF6D08}.Release|Any CPU.Build.0 = Release|Any CPU
		{4EA21A6B-B337-428C-BDD1-7EBD04EC8EAE}.Debug|Any CPU.ActiveCfg = Debug|Any CPU
		{4EA21A6B-B337-428C-BDD1-7EBD04EC8EAE}.Debug|Any CPU.Build.0 = Debug|Any CPU
		{4EA21A6B-B337-428C-BDD1-7EBD04EC8EAE}.Release|Any CPU.ActiveCfg = Release|Any CPU
		{4EA21A6B-B337-428C-BDD1-7EBD04EC8EAE}.Release|Any CPU.Build.0 = Release|Any CPU
		{4D225375-5026-4A63-8035-A3E10B78FC41}.Debug|Any CPU.ActiveCfg = Debug|Any CPU
		{4D225375-5026-4A63-8035-A3E10B78FC41}.Debug|Any CPU.Build.0 = Debug|Any CPU
		{4D225375-5026-4A63-8035-A3E10B78FC41}.Release|Any CPU.ActiveCfg = Release|Any CPU
		{4D225375-5026-4A63-8035-A3E10B78FC41}.Release|Any CPU.Build.0 = Release|Any CPU
		{69945284-651D-4633-AA4A-F427F3C991F3}.Debug|Any CPU.ActiveCfg = Debug|Any CPU
		{69945284-651D-4633-AA4A-F427F3C991F3}.Debug|Any CPU.Build.0 = Debug|Any CPU
		{69945284-651D-4633-AA4A-F427F3C991F3}.Release|Any CPU.ActiveCfg = Release|Any CPU
		{69945284-651D-4633-AA4A-F427F3C991F3}.Release|Any CPU.Build.0 = Release|Any CPU
		{A86873D9-3BE4-43E0-85EB-E2DE669D85F2}.Debug|Any CPU.ActiveCfg = Debug|Any CPU
		{A86873D9-3BE4-43E0-85EB-E2DE669D85F2}.Debug|Any CPU.Build.0 = Debug|Any CPU
		{A86873D9-3BE4-43E0-85EB-E2DE669D85F2}.Release|Any CPU.ActiveCfg = Release|Any CPU
		{A86873D9-3BE4-43E0-85EB-E2DE669D85F2}.Release|Any CPU.Build.0 = Release|Any CPU
		{F9244663-133D-4405-8D51-2D55C5852260}.Debug|Any CPU.ActiveCfg = Debug|Any CPU
		{F9244663-133D-4405-8D51-2D55C5852260}.Debug|Any CPU.Build.0 = Debug|Any CPU
		{F9244663-133D-4405-8D51-2D55C5852260}.Release|Any CPU.ActiveCfg = Release|Any CPU
		{F9244663-133D-4405-8D51-2D55C5852260}.Release|Any CPU.Build.0 = Release|Any CPU
		{4C802D01-D010-4E4D-836F-A809C9EEFA99}.Debug|Any CPU.ActiveCfg = Debug|Any CPU
		{4C802D01-D010-4E4D-836F-A809C9EEFA99}.Debug|Any CPU.Build.0 = Debug|Any CPU
		{4C802D01-D010-4E4D-836F-A809C9EEFA99}.Release|Any CPU.ActiveCfg = Release|Any CPU
		{4C802D01-D010-4E4D-836F-A809C9EEFA99}.Release|Any CPU.Build.0 = Release|Any CPU
		{FB89C8A3-A1D6-4204-85C1-1D92C48B4EB1}.Debug|Any CPU.ActiveCfg = Debug|Any CPU
		{FB89C8A3-A1D6-4204-85C1-1D92C48B4EB1}.Debug|Any CPU.Build.0 = Debug|Any CPU
		{FB89C8A3-A1D6-4204-85C1-1D92C48B4EB1}.Release|Any CPU.ActiveCfg = Release|Any CPU
		{FB89C8A3-A1D6-4204-85C1-1D92C48B4EB1}.Release|Any CPU.Build.0 = Release|Any CPU
		{B26A1B32-D825-4278-A012-9B014B80C260}.Debug|Any CPU.ActiveCfg = Debug|Any CPU
		{B26A1B32-D825-4278-A012-9B014B80C260}.Debug|Any CPU.Build.0 = Debug|Any CPU
		{B26A1B32-D825-4278-A012-9B014B80C260}.Release|Any CPU.ActiveCfg = Release|Any CPU
		{B26A1B32-D825-4278-A012-9B014B80C260}.Release|Any CPU.Build.0 = Release|Any CPU
		{47F0E758-0FEA-410F-AF69-BDE353AEAA90}.Debug|Any CPU.ActiveCfg = Debug|Any CPU
		{47F0E758-0FEA-410F-AF69-BDE353AEAA90}.Debug|Any CPU.Build.0 = Debug|Any CPU
		{47F0E758-0FEA-410F-AF69-BDE353AEAA90}.Release|Any CPU.ActiveCfg = Release|Any CPU
		{47F0E758-0FEA-410F-AF69-BDE353AEAA90}.Release|Any CPU.Build.0 = Release|Any CPU
		{5A9A1C06-E779-4456-9C9F-CC0EC503CD01}.Debug|Any CPU.ActiveCfg = Debug|Any CPU
		{5A9A1C06-E779-4456-9C9F-CC0EC503CD01}.Debug|Any CPU.Build.0 = Debug|Any CPU
		{5A9A1C06-E779-4456-9C9F-CC0EC503CD01}.Release|Any CPU.ActiveCfg = Release|Any CPU
		{5A9A1C06-E779-4456-9C9F-CC0EC503CD01}.Release|Any CPU.Build.0 = Release|Any CPU
		{C0BE8CC0-6C75-4FB4-AB6E-E85E50239631}.Debug|Any CPU.ActiveCfg = Debug|Any CPU
		{C0BE8CC0-6C75-4FB4-AB6E-E85E50239631}.Debug|Any CPU.Build.0 = Debug|Any CPU
		{C0BE8CC0-6C75-4FB4-AB6E-E85E50239631}.Release|Any CPU.ActiveCfg = Release|Any CPU
		{C0BE8CC0-6C75-4FB4-AB6E-E85E50239631}.Release|Any CPU.Build.0 = Release|Any CPU
	EndGlobalSection
	GlobalSection(SolutionProperties) = preSolution
		HideSolutionNode = FALSE
	EndGlobalSection
	GlobalSection(ExtensibilityGlobals) = postSolution
		SolutionGuid = {6E2B70E9-8FB7-4BF8-A61E-D0568AD43C81}
	EndGlobalSection
EndGlobal
