
Microsoft Visual Studio Solution File, Format Version 12.00
# Visual Studio 15
VisualStudioVersion = 15.0.27703.2026
MinimumVisualStudioVersion = 10.0.40219.1
Project("{FAE04EC0-301F-11D3-BF4B-00C04F79EFBC}") = "IdentityDemo", "IdentityDemo\IdentityDemo.csproj", "{E976BAA0-1233-4B33-B21D-9222BA691A4C}"
EndProject
Global
	GlobalSection(SolutionConfigurationPlatforms) = preSolution
		Debug|Any CPU = Debug|Any CPU
		Release|Any CPU = Release|Any CPU
	EndGlobalSection
	GlobalSection(ProjectConfigurationPlatforms) = postSolution
		{E976BAA0-1233-4B33-B21D-9222BA691A4C}.Debug|Any CPU.ActiveCfg = Debug|Any CPU
		{E976BAA0-1233-4B33-B21D-9222BA691A4C}.Debug|Any CPU.Build.0 = Debug|Any CPU
		{E976BAA0-1233-4B33-B21D-9222BA691A4C}.Release|Any CPU.ActiveCfg = Release|Any CPU
		{E976BAA0-1233-4B33-B21D-9222BA691A4C}.Release|Any CPU.Build.0 = Release|Any CPU
	EndGlobalSection
	GlobalSection(SolutionProperties) = preSolution
		HideSolutionNode = FALSE
	EndGlobalSection
	GlobalSection(ExtensibilityGlobals) = postSolution
		SolutionGuid = {F16CDF04-3997-4410-BEE0-CDB28ABF3A4F}
	EndGlobalSection
EndGlobal
