
Microsoft Visual Studio Solution File, Format Version 12.00
# Visual Studio 15
VisualStudioVersion = 15.0.27428.2037
MinimumVisualStudioVersion = 10.0.40219.1
Project("{9A19103F-16F7-4668-BE54-9A1E7A4F7556}") = "Vehicles", "Vehicles\Vehicles.csproj", "{E3B010D0-9163-4A53-AD08-19860BC6EE76}"
EndProject
Project("{FAE04EC0-301F-11D3-BF4B-00C04F79EFBC}") = "WildFarm", "WildFarm\WildFarm.csproj", "{BC9DC940-8141-474F-93B4-8E7ED9900699}"
EndProject
Global
	GlobalSection(SolutionConfigurationPlatforms) = preSolution
		Debug|Any CPU = Debug|Any CPU
		Release|Any CPU = Release|Any CPU
	EndGlobalSection
	GlobalSection(ProjectConfigurationPlatforms) = postSolution
		{E3B010D0-9163-4A53-AD08-19860BC6EE76}.Debug|Any CPU.ActiveCfg = Debug|Any CPU
		{E3B010D0-9163-4A53-AD08-19860BC6EE76}.Debug|Any CPU.Build.0 = Debug|Any CPU
		{E3B010D0-9163-4A53-AD08-19860BC6EE76}.Release|Any CPU.ActiveCfg = Release|Any CPU
		{E3B010D0-9163-4A53-AD08-19860BC6EE76}.Release|Any CPU.Build.0 = Release|Any CPU
		{BC9DC940-8141-474F-93B4-8E7ED9900699}.Debug|Any CPU.ActiveCfg = Debug|Any CPU
		{BC9DC940-8141-474F-93B4-8E7ED9900699}.Debug|Any CPU.Build.0 = Debug|Any CPU
		{BC9DC940-8141-474F-93B4-8E7ED9900699}.Release|Any CPU.ActiveCfg = Release|Any CPU
		{BC9DC940-8141-474F-93B4-8E7ED9900699}.Release|Any CPU.Build.0 = Release|Any CPU
	EndGlobalSection
	GlobalSection(SolutionProperties) = preSolution
		HideSolutionNode = FALSE
	EndGlobalSection
	GlobalSection(ExtensibilityGlobals) = postSolution
		SolutionGuid = {E2B6DDBE-29BD-4669-BBF3-66566097B377}
	EndGlobalSection
EndGlobal
