
Microsoft Visual Studio Solution File, Format Version 12.00
# Visual Studio 15
VisualStudioVersion = 15.0.28010.2036
MinimumVisualStudioVersion = 10.0.40219.1
Project("{FAE04EC0-301F-11D3-BF4B-00C04F79EFBC}") = "EstateMangement.Web", "EstateMangement.Web\EstateMangement.Web.csproj", "{22124584-02F1-4C8E-A9ED-10722D487C6D}"
EndProject
Global
	GlobalSection(SolutionConfigurationPlatforms) = preSolution
		Debug|Any CPU = Debug|Any CPU
		Release|Any CPU = Release|Any CPU
	EndGlobalSection
	GlobalSection(ProjectConfigurationPlatforms) = postSolution
		{22124584-02F1-4C8E-A9ED-10722D487C6D}.Debug|Any CPU.ActiveCfg = Debug|Any CPU
		{22124584-02F1-4C8E-A9ED-10722D487C6D}.Debug|Any CPU.Build.0 = Debug|Any CPU
		{22124584-02F1-4C8E-A9ED-10722D487C6D}.Release|Any CPU.ActiveCfg = Release|Any CPU
		{22124584-02F1-4C8E-A9ED-10722D487C6D}.Release|Any CPU.Build.0 = Release|Any CPU
	EndGlobalSection
	GlobalSection(SolutionProperties) = preSolution
		HideSolutionNode = FALSE
	EndGlobalSection
	GlobalSection(ExtensibilityGlobals) = postSolution
		SolutionGuid = {A389BD78-6C18-4293-A552-8B575978BEBF}
	EndGlobalSection
EndGlobal
