
Microsoft Visual Studio Solution File, Format Version 12.00
# Visual Studio 15
VisualStudioVersion = 15.0.26730.16
MinimumVisualStudioVersion = 10.0.40219.1
Project("{FAE04EC0-301F-11D3-BF4B-00C04F79EFBC}") = "BinarySearch", "BinarySearch\BinarySearch.csproj", "{5ABF3F0C-F00D-4B02-BD61-FA39F8F7EDAA}"
EndProject
Project("{FAE04EC0-301F-11D3-BF4B-00C04F79EFBC}") = "DivisionBy3JaggedList", "DivisionBy3JaggedList\DivisionBy3JaggedList.csproj", "{17A09963-7360-410F-82C8-14826B598B02}"
EndProject
Project("{FAE04EC0-301F-11D3-BF4B-00C04F79EFBC}") = "DivisionBy3JaggedArrays", "DivisionBy3JaggedArrays\DivisionBy3JaggedArrays.csproj", "{D52C887C-9FE8-4116-93E2-5B6C9C915A4F}"
EndProject
Global
	GlobalSection(SolutionConfigurationPlatforms) = preSolution
		Debug|Any CPU = Debug|Any CPU
		Release|Any CPU = Release|Any CPU
	EndGlobalSection
	GlobalSection(ProjectConfigurationPlatforms) = postSolution
		{5ABF3F0C-F00D-4B02-BD61-FA39F8F7EDAA}.Debug|Any CPU.ActiveCfg = Debug|Any CPU
		{5ABF3F0C-F00D-4B02-BD61-FA39F8F7EDAA}.Debug|Any CPU.Build.0 = Debug|Any CPU
		{5ABF3F0C-F00D-4B02-BD61-FA39F8F7EDAA}.Release|Any CPU.ActiveCfg = Release|Any CPU
		{5ABF3F0C-F00D-4B02-BD61-FA39F8F7EDAA}.Release|Any CPU.Build.0 = Release|Any CPU
		{17A09963-7360-410F-82C8-14826B598B02}.Debug|Any CPU.ActiveCfg = Debug|Any CPU
		{17A09963-7360-410F-82C8-14826B598B02}.Debug|Any CPU.Build.0 = Debug|Any CPU
		{17A09963-7360-410F-82C8-14826B598B02}.Release|Any CPU.ActiveCfg = Release|Any CPU
		{17A09963-7360-410F-82C8-14826B598B02}.Release|Any CPU.Build.0 = Release|Any CPU
		{D52C887C-9FE8-4116-93E2-5B6C9C915A4F}.Debug|Any CPU.ActiveCfg = Debug|Any CPU
		{D52C887C-9FE8-4116-93E2-5B6C9C915A4F}.Debug|Any CPU.Build.0 = Debug|Any CPU
		{D52C887C-9FE8-4116-93E2-5B6C9C915A4F}.Release|Any CPU.ActiveCfg = Release|Any CPU
		{D52C887C-9FE8-4116-93E2-5B6C9C915A4F}.Release|Any CPU.Build.0 = Release|Any CPU
	EndGlobalSection
	GlobalSection(SolutionProperties) = preSolution
		HideSolutionNode = FALSE
	EndGlobalSection
	GlobalSection(ExtensibilityGlobals) = postSolution
		SolutionGuid = {7ECEB995-3B9F-4BC5-8BBE-B1C5EBB4648B}
	EndGlobalSection
EndGlobal
