
Microsoft Visual Studio Solution File, Format Version 12.00
# Visual Studio 15
VisualStudioVersion = 15.0.26430.6
MinimumVisualStudioVersion = 10.0.40219.1
Project("{FAE04EC0-301F-11D3-BF4B-00C04F79EFBC}") = "Last Army", "Last Army\Last Army.csproj", "{FA1AC72F-2CD0-4247-9078-B9BD8C9216CC}"
EndProject
Project("{FAE04EC0-301F-11D3-BF4B-00C04F79EFBC}") = "LastArmy.Tests", "LastArmy.Tests\LastArmy.Tests.csproj", "{35316EEF-C33F-4E45-B039-E119E3C7AC07}"
EndProject
Project("{FAE04EC0-301F-11D3-BF4B-00C04F79EFBC}") = "LastArmy.MyTests", "LastArmy.MyTests\LastArmy.MyTests.csproj", "{7C06B82A-A702-4CE4-883E-C7BAAC8C75AD}"
EndProject
Global
	GlobalSection(SolutionConfigurationPlatforms) = preSolution
		Debug|Any CPU = Debug|Any CPU
		Release|Any CPU = Release|Any CPU
	EndGlobalSection
	GlobalSection(ProjectConfigurationPlatforms) = postSolution
		{FA1AC72F-2CD0-4247-9078-B9BD8C9216CC}.Debug|Any CPU.ActiveCfg = Debug|Any CPU
		{FA1AC72F-2CD0-4247-9078-B9BD8C9216CC}.Debug|Any CPU.Build.0 = Debug|Any CPU
		{FA1AC72F-2CD0-4247-9078-B9BD8C9216CC}.Release|Any CPU.ActiveCfg = Release|Any CPU
		{FA1AC72F-2CD0-4247-9078-B9BD8C9216CC}.Release|Any CPU.Build.0 = Release|Any CPU
		{35316EEF-C33F-4E45-B039-E119E3C7AC07}.Debug|Any CPU.ActiveCfg = Debug|Any CPU
		{35316EEF-C33F-4E45-B039-E119E3C7AC07}.Debug|Any CPU.Build.0 = Debug|Any CPU
		{35316EEF-C33F-4E45-B039-E119E3C7AC07}.Release|Any CPU.ActiveCfg = Release|Any CPU
		{35316EEF-C33F-4E45-B039-E119E3C7AC07}.Release|Any CPU.Build.0 = Release|Any CPU
		{7C06B82A-A702-4CE4-883E-C7BAAC8C75AD}.Debug|Any CPU.ActiveCfg = Debug|Any CPU
		{7C06B82A-A702-4CE4-883E-C7BAAC8C75AD}.Debug|Any CPU.Build.0 = Debug|Any CPU
		{7C06B82A-A702-4CE4-883E-C7BAAC8C75AD}.Release|Any CPU.ActiveCfg = Release|Any CPU
		{7C06B82A-A702-4CE4-883E-C7BAAC8C75AD}.Release|Any CPU.Build.0 = Release|Any CPU
	EndGlobalSection
	GlobalSection(SolutionProperties) = preSolution
		HideSolutionNode = FALSE
	EndGlobalSection
	GlobalSection(ExtensibilityGlobals) = postSolution
		SolutionGuid = {6346C7C8-5718-4144-B954-3B766DA8CAF3}
	EndGlobalSection
EndGlobal
