
Microsoft Visual Studio Solution File, Format Version 12.00
# Visual Studio 15
VisualStudioVersion = 15.0.27004.2006
MinimumVisualStudioVersion = 10.0.40219.1
Project("{FAE04EC0-301F-11D3-BF4B-00C04F79EFBC}") = "TreeNode", "TreeNode\TreeNode.csproj", "{C9C84E74-74AC-48FD-9CA9-45F70208511D}"
EndProject
Project("{FAE04EC0-301F-11D3-BF4B-00C04F79EFBC}") = "DirectoryTraverserDFS", "DirectoryTraverserDFS\DirectoryTraverserDFS.csproj", "{7D191EE1-9B73-42D8-B05E-1A4188024089}"
EndProject
Project("{FAE04EC0-301F-11D3-BF4B-00C04F79EFBC}") = "DirectoryTraverseBFS", "DirectoryTraverseBFS\DirectoryTraverseBFS.csproj", "{3BAB615A-23D0-4C78-AE7C-902BDC605D92}"
EndProject
Global
	GlobalSection(SolutionConfigurationPlatforms) = preSolution
		Debug|Any CPU = Debug|Any CPU
		Release|Any CPU = Release|Any CPU
	EndGlobalSection
	GlobalSection(ProjectConfigurationPlatforms) = postSolution
		{C9C84E74-74AC-48FD-9CA9-45F70208511D}.Debug|Any CPU.ActiveCfg = Debug|Any CPU
		{C9C84E74-74AC-48FD-9CA9-45F70208511D}.Debug|Any CPU.Build.0 = Debug|Any CPU
		{C9C84E74-74AC-48FD-9CA9-45F70208511D}.Release|Any CPU.ActiveCfg = Release|Any CPU
		{C9C84E74-74AC-48FD-9CA9-45F70208511D}.Release|Any CPU.Build.0 = Release|Any CPU
		{7D191EE1-9B73-42D8-B05E-1A4188024089}.Debug|Any CPU.ActiveCfg = Debug|Any CPU
		{7D191EE1-9B73-42D8-B05E-1A4188024089}.Debug|Any CPU.Build.0 = Debug|Any CPU
		{7D191EE1-9B73-42D8-B05E-1A4188024089}.Release|Any CPU.ActiveCfg = Release|Any CPU
		{7D191EE1-9B73-42D8-B05E-1A4188024089}.Release|Any CPU.Build.0 = Release|Any CPU
		{3BAB615A-23D0-4C78-AE7C-902BDC605D92}.Debug|Any CPU.ActiveCfg = Debug|Any CPU
		{3BAB615A-23D0-4C78-AE7C-902BDC605D92}.Debug|Any CPU.Build.0 = Debug|Any CPU
		{3BAB615A-23D0-4C78-AE7C-902BDC605D92}.Release|Any CPU.ActiveCfg = Release|Any CPU
		{3BAB615A-23D0-4C78-AE7C-902BDC605D92}.Release|Any CPU.Build.0 = Release|Any CPU
	EndGlobalSection
	GlobalSection(SolutionProperties) = preSolution
		HideSolutionNode = FALSE
	EndGlobalSection
	GlobalSection(ExtensibilityGlobals) = postSolution
		SolutionGuid = {3F2E3CED-09AF-47C6-80E8-EB7DE4514640}
	EndGlobalSection
EndGlobal
