
Microsoft Visual Studio Solution File, Format Version 12.00
# Visual Studio 15
VisualStudioVersion = 15.0.27428.2005
MinimumVisualStudioVersion = 10.0.40219.1
Project("{9A19103F-16F7-4668-BE54-9A1E7A4F7556}") = "ReverseNumberWithStack", "ReverseNumberWithStack\ReverseNumberWithStack.csproj", "{5CFFBD76-D318-4BA1-8865-784C2F6BB384}"
EndProject
Project("{9A19103F-16F7-4668-BE54-9A1E7A4F7556}") = "BasickStackOperation", "BasickStackOperation\BasickStackOperation.csproj", "{5D640DF8-5111-4A86-A518-D9666103A9B3}"
EndProject
Project("{9A19103F-16F7-4668-BE54-9A1E7A4F7556}") = "MaximumElement", "MaximumElement\MaximumElement.csproj", "{15C10538-4E8B-41BF-9E74-DA3E73979096}"
EndProject
Project("{9A19103F-16F7-4668-BE54-9A1E7A4F7556}") = "BasicQueue", "BasicQueue\BasicQueue.csproj", "{C351232A-2C6D-4590-B0C5-4414DDFB7F02}"
EndProject
Project("{FAE04EC0-301F-11D3-BF4B-00C04F79EFBC}") = "CalculateSequence", "CalculateSequence\CalculateSequence.csproj", "{72FC6536-79EE-460E-BD0C-5841B2CCBAEF}"
EndProject
Project("{FAE04EC0-301F-11D3-BF4B-00C04F79EFBC}") = "TruckTour", "TruckTour\TruckTour.csproj", "{21E34005-46DC-4335-B72D-0C7ADCCA34A2}"
EndProject
Project("{FAE04EC0-301F-11D3-BF4B-00C04F79EFBC}") = "BalancedParenthesis", "BalancedParenthesis\BalancedParenthesis.csproj", "{1D648026-2634-4C69-AA09-6314A64871BC}"
EndProject
Project("{FAE04EC0-301F-11D3-BF4B-00C04F79EFBC}") = "RecursiveFibonachi", "RecursiveFibonachi\RecursiveFibonachi.csproj", "{BF89F3E0-0FFE-457A-9B5E-38E5B646DFEC}"
EndProject
Project("{FAE04EC0-301F-11D3-BF4B-00C04F79EFBC}") = "StackFibonnachi", "StackFibonnachi\StackFibonnachi.csproj", "{FCAB0F13-20C7-49F1-906C-6F981DC9F9DA}"
EndProject
Project("{FAE04EC0-301F-11D3-BF4B-00C04F79EFBC}") = "SimpleTextEditor", "SimpleTextEditor\SimpleTextEditor.csproj", "{6AFF3515-D84D-4FB0-B5BD-F97865BB0520}"
EndProject
Project("{FAE04EC0-301F-11D3-BF4B-00C04F79EFBC}") = "PoisonousPlants", "PoisonousPlants\PoisonousPlants.csproj", "{C2A3C51E-96CD-41FB-B15B-42D3545B053B}"
EndProject
Global
	GlobalSection(SolutionConfigurationPlatforms) = preSolution
		Debug|Any CPU = Debug|Any CPU
		Release|Any CPU = Release|Any CPU
	EndGlobalSection
	GlobalSection(ProjectConfigurationPlatforms) = postSolution
		{5CFFBD76-D318-4BA1-8865-784C2F6BB384}.Debug|Any CPU.ActiveCfg = Debug|Any CPU
		{5CFFBD76-D318-4BA1-8865-784C2F6BB384}.Debug|Any CPU.Build.0 = Debug|Any CPU
		{5CFFBD76-D318-4BA1-8865-784C2F6BB384}.Release|Any CPU.ActiveCfg = Release|Any CPU
		{5CFFBD76-D318-4BA1-8865-784C2F6BB384}.Release|Any CPU.Build.0 = Release|Any CPU
		{5D640DF8-5111-4A86-A518-D9666103A9B3}.Debug|Any CPU.ActiveCfg = Debug|Any CPU
		{5D640DF8-5111-4A86-A518-D9666103A9B3}.Debug|Any CPU.Build.0 = Debug|Any CPU
		{5D640DF8-5111-4A86-A518-D9666103A9B3}.Release|Any CPU.ActiveCfg = Release|Any CPU
		{5D640DF8-5111-4A86-A518-D9666103A9B3}.Release|Any CPU.Build.0 = Release|Any CPU
		{15C10538-4E8B-41BF-9E74-DA3E73979096}.Debug|Any CPU.ActiveCfg = Debug|Any CPU
		{15C10538-4E8B-41BF-9E74-DA3E73979096}.Debug|Any CPU.Build.0 = Debug|Any CPU
		{15C10538-4E8B-41BF-9E74-DA3E73979096}.Release|Any CPU.ActiveCfg = Release|Any CPU
		{15C10538-4E8B-41BF-9E74-DA3E73979096}.Release|Any CPU.Build.0 = Release|Any CPU
		{C351232A-2C6D-4590-B0C5-4414DDFB7F02}.Debug|Any CPU.ActiveCfg = Debug|Any CPU
		{C351232A-2C6D-4590-B0C5-4414DDFB7F02}.Debug|Any CPU.Build.0 = Debug|Any CPU
		{C351232A-2C6D-4590-B0C5-4414DDFB7F02}.Release|Any CPU.ActiveCfg = Release|Any CPU
		{C351232A-2C6D-4590-B0C5-4414DDFB7F02}.Release|Any CPU.Build.0 = Release|Any CPU
		{72FC6536-79EE-460E-BD0C-5841B2CCBAEF}.Debug|Any CPU.ActiveCfg = Debug|Any CPU
		{72FC6536-79EE-460E-BD0C-5841B2CCBAEF}.Debug|Any CPU.Build.0 = Debug|Any CPU
		{72FC6536-79EE-460E-BD0C-5841B2CCBAEF}.Release|Any CPU.ActiveCfg = Release|Any CPU
		{72FC6536-79EE-460E-BD0C-5841B2CCBAEF}.Release|Any CPU.Build.0 = Release|Any CPU
		{21E34005-46DC-4335-B72D-0C7ADCCA34A2}.Debug|Any CPU.ActiveCfg = Debug|Any CPU
		{21E34005-46DC-4335-B72D-0C7ADCCA34A2}.Debug|Any CPU.Build.0 = Debug|Any CPU
		{21E34005-46DC-4335-B72D-0C7ADCCA34A2}.Release|Any CPU.ActiveCfg = Release|Any CPU
		{21E34005-46DC-4335-B72D-0C7ADCCA34A2}.Release|Any CPU.Build.0 = Release|Any CPU
		{1D648026-2634-4C69-AA09-6314A64871BC}.Debug|Any CPU.ActiveCfg = Debug|Any CPU
		{1D648026-2634-4C69-AA09-6314A64871BC}.Debug|Any CPU.Build.0 = Debug|Any CPU
		{1D648026-2634-4C69-AA09-6314A64871BC}.Release|Any CPU.ActiveCfg = Release|Any CPU
		{1D648026-2634-4C69-AA09-6314A64871BC}.Release|Any CPU.Build.0 = Release|Any CPU
		{BF89F3E0-0FFE-457A-9B5E-38E5B646DFEC}.Debug|Any CPU.ActiveCfg = Debug|Any CPU
		{BF89F3E0-0FFE-457A-9B5E-38E5B646DFEC}.Debug|Any CPU.Build.0 = Debug|Any CPU
		{BF89F3E0-0FFE-457A-9B5E-38E5B646DFEC}.Release|Any CPU.ActiveCfg = Release|Any CPU
		{BF89F3E0-0FFE-457A-9B5E-38E5B646DFEC}.Release|Any CPU.Build.0 = Release|Any CPU
		{FCAB0F13-20C7-49F1-906C-6F981DC9F9DA}.Debug|Any CPU.ActiveCfg = Debug|Any CPU
		{FCAB0F13-20C7-49F1-906C-6F981DC9F9DA}.Debug|Any CPU.Build.0 = Debug|Any CPU
		{FCAB0F13-20C7-49F1-906C-6F981DC9F9DA}.Release|Any CPU.ActiveCfg = Release|Any CPU
		{FCAB0F13-20C7-49F1-906C-6F981DC9F9DA}.Release|Any CPU.Build.0 = Release|Any CPU
		{6AFF3515-D84D-4FB0-B5BD-F97865BB0520}.Debug|Any CPU.ActiveCfg = Debug|Any CPU
		{6AFF3515-D84D-4FB0-B5BD-F97865BB0520}.Debug|Any CPU.Build.0 = Debug|Any CPU
		{6AFF3515-D84D-4FB0-B5BD-F97865BB0520}.Release|Any CPU.ActiveCfg = Release|Any CPU
		{6AFF3515-D84D-4FB0-B5BD-F97865BB0520}.Release|Any CPU.Build.0 = Release|Any CPU
		{C2A3C51E-96CD-41FB-B15B-42D3545B053B}.Debug|Any CPU.ActiveCfg = Debug|Any CPU
		{C2A3C51E-96CD-41FB-B15B-42D3545B053B}.Debug|Any CPU.Build.0 = Debug|Any CPU
		{C2A3C51E-96CD-41FB-B15B-42D3545B053B}.Release|Any CPU.ActiveCfg = Release|Any CPU
		{C2A3C51E-96CD-41FB-B15B-42D3545B053B}.Release|Any CPU.Build.0 = Release|Any CPU
	EndGlobalSection
	GlobalSection(SolutionProperties) = preSolution
		HideSolutionNode = FALSE
	EndGlobalSection
	GlobalSection(ExtensibilityGlobals) = postSolution
		SolutionGuid = {619FFA98-4925-4D2F-8CDC-ECD03C7A936E}
	EndGlobalSection
EndGlobal
